// !$*UTF8*$!
{
	archiveVersion = 1;
	classes = {
	};
	objectVersion = 56;
	objects = {

/* Begin PBXBuildFile section */
		4528ECE12B31FB240098D77D /* AppDelegate.swift in Sources */ = {isa = PBXBuildFile; fileRef = 4528ECE02B31FB240098D77D /* AppDelegate.swift */; };
		4528ECE32B31FB240098D77D /* SceneDelegate.swift in Sources */ = {isa = PBXBuildFile; fileRef = 4528ECE22B31FB240098D77D /* SceneDelegate.swift */; };
		4528ECE52B31FB240098D77D /* ViewController.swift in Sources */ = {isa = PBXBuildFile; fileRef = 4528ECE42B31FB240098D77D /* ViewController.swift */; };
		4528ECE82B31FB240098D77D /* Main.storyboard in Resources */ = {isa = PBXBuildFile; fileRef = 4528ECE62B31FB240098D77D /* Main.storyboard */; };
		4528ECEA2B31FB260098D77D /* Assets.xcassets in Resources */ = {isa = PBXBuildFile; fileRef = 4528ECE92B31FB260098D77D /* Assets.xcassets */; };
		4528ECED2B31FB260098D77D /* LaunchScreen.storyboard in Resources */ = {isa = PBXBuildFile; fileRef = 4528ECEB2B31FB260098D77D /* LaunchScreen.storyboard */; };
		4528ECF72B3201960098D77D /* WoldAndHuntersTracker.swift in Sources */ = {isa = PBXBuildFile; fileRef = 4528ECF62B3201960098D77D /* WoldAndHuntersTracker.swift */; };
		4528ECFB2B3201C80098D77D /* WolfAndHunters.swift in Sources */ = {isa = PBXBuildFile; fileRef = 4528ECFA2B3201C80098D77D /* WolfAndHunters.swift */; };
		4528ED032B32021F0098D77D /* Player.swift in Sources */ = {isa = PBXBuildFile; fileRef = 4528ECFC2B32021F0098D77D /* Player.swift */; };
		4528ED042B32021F0098D77D /* TwoPlayerGame.swift in Sources */ = {isa = PBXBuildFile; fileRef = 4528ECFD2B32021F0098D77D /* TwoPlayerGame.swift */; };
		4528ED052B32021F0098D77D /* BoardGame.swift in Sources */ = {isa = PBXBuildFile; fileRef = 4528ECFE2B32021F0098D77D /* BoardGame.swift */; };
		4528ED062B32021F0098D77D /* Board.swift in Sources */ = {isa = PBXBuildFile; fileRef = 4528ECFF2B32021F0098D77D /* Board.swift */; };
		4528ED072B32021F0098D77D /* Cell.swift in Sources */ = {isa = PBXBuildFile; fileRef = 4528ED002B32021F0098D77D /* Cell.swift */; };
		4528ED082B32021F0098D77D /* Game.swift in Sources */ = {isa = PBXBuildFile; fileRef = 4528ED012B32021F0098D77D /* Game.swift */; };
		4528ED092B32021F0098D77D /* BaseGame.swift in Sources */ = {isa = PBXBuildFile; fileRef = 4528ED022B32021F0098D77D /* BaseGame.swift */; };
		4528ED0B2B3214390098D77D /* TextChange.swift in Sources */ = {isa = PBXBuildFile; fileRef = 4528ED0A2B3214390098D77D /* TextChange.swift */; };
/* End PBXBuildFile section */

/* Begin PBXFileReference section */
		4528ECDD2B31FB240098D77D /* WolfHuntersMobile.app */ = {isa = PBXFileReference; explicitFileType = wrapper.application; includeInIndex = 0; path = WolfHuntersMobile.app; sourceTree = BUILT_PRODUCTS_DIR; };
		4528ECE02B31FB240098D77D /* AppDelegate.swift */ = {isa = PBXFileReference; lastKnownFileType = sourcecode.swift; path = AppDelegate.swift; sourceTree = "<group>"; };
		4528ECE22B31FB240098D77D /* SceneDelegate.swift */ = {isa = PBXFileReference; lastKnownFileType = sourcecode.swift; path = SceneDelegate.swift; sourceTree = "<group>"; };
		4528ECE42B31FB240098D77D /* ViewController.swift */ = {isa = PBXFileReference; lastKnownFileType = sourcecode.swift; path = ViewController.swift; sourceTree = "<group>"; };
		4528ECE72B31FB240098D77D /* Base */ = {isa = PBXFileReference; lastKnownFileType = file.storyboard; name = Base; path = Base.lproj/Main.storyboard; sourceTree = "<group>"; };
		4528ECE92B31FB260098D77D /* Assets.xcassets */ = {isa = PBXFileReference; lastKnownFileType = folder.assetcatalog; path = Assets.xcassets; sourceTree = "<group>"; };
		4528ECEC2B31FB260098D77D /* Base */ = {isa = PBXFileReference; lastKnownFileType = file.storyboard; name = Base; path = Base.lproj/LaunchScreen.storyboard; sourceTree = "<group>"; };
		4528ECEE2B31FB260098D77D /* Info.plist */ = {isa = PBXFileReference; lastKnownFileType = text.plist.xml; path = Info.plist; sourceTree = "<group>"; };
		4528ECF62B3201960098D77D /* WoldAndHuntersTracker.swift */ = {isa = PBXFileReference; fileEncoding = 4; lastKnownFileType = sourcecode.swift; path = WoldAndHuntersTracker.swift; sourceTree = "<group>"; };
		4528ECFA2B3201C80098D77D /* WolfAndHunters.swift */ = {isa = PBXFileReference; fileEncoding = 4; lastKnownFileType = sourcecode.swift; path = WolfAndHunters.swift; sourceTree = "<group>"; };
		4528ECFC2B32021F0098D77D /* Player.swift */ = {isa = PBXFileReference; fileEncoding = 4; lastKnownFileType = sourcecode.swift; path = Player.swift; sourceTree = "<group>"; };
		4528ECFD2B32021F0098D77D /* TwoPlayerGame.swift */ = {isa = PBXFileReference; fileEncoding = 4; lastKnownFileType = sourcecode.swift; path = TwoPlayerGame.swift; sourceTree = "<group>"; };
		4528ECFE2B32021F0098D77D /* BoardGame.swift */ = {isa = PBXFileReference; fileEncoding = 4; lastKnownFileType = sourcecode.swift; path = BoardGame.swift; sourceTree = "<group>"; };
		4528ECFF2B32021F0098D77D /* Board.swift */ = {isa = PBXFileReference; fileEncoding = 4; lastKnownFileType = sourcecode.swift; path = Board.swift; sourceTree = "<group>"; };
		4528ED002B32021F0098D77D /* Cell.swift */ = {isa = PBXFileReference; fileEncoding = 4; lastKnownFileType = sourcecode.swift; path = Cell.swift; sourceTree = "<group>"; };
		4528ED012B32021F0098D77D /* Game.swift */ = {isa = PBXFileReference; fileEncoding = 4; lastKnownFileType = sourcecode.swift; path = Game.swift; sourceTree = "<group>"; };
		4528ED022B32021F0098D77D /* BaseGame.swift */ = {isa = PBXFileReference; fileEncoding = 4; lastKnownFileType = sourcecode.swift; path = BaseGame.swift; sourceTree = "<group>"; };
		4528ED0A2B3214390098D77D /* TextChange.swift */ = {isa = PBXFileReference; lastKnownFileType = sourcecode.swift; path = TextChange.swift; sourceTree = "<group>"; };
/* End PBXFileReference section */

/* Begin PBXFrameworksBuildPhase section */
		4528ECDA2B31FB240098D77D /* Frameworks */ = {
			isa = PBXFrameworksBuildPhase;
			buildActionMask = 2147483647;
			files = (
			);
			runOnlyForDeploymentPostprocessing = 0;
		};
/* End PBXFrameworksBuildPhase section */

/* Begin PBXGroup section */
		4528ECD42B31FB240098D77D = {
			isa = PBXGroup;
			children = (
				4528ECFA2B3201C80098D77D /* WolfAndHunters.swift */,
				4528ECF62B3201960098D77D /* WoldAndHuntersTracker.swift */,
				4528ECDF2B31FB240098D77D /* WolfHuntersMobile */,
				4528ECDE2B31FB240098D77D /* Products */,
			);
			sourceTree = "<group>";
		};
		4528ECDE2B31FB240098D77D /* Products */ = {
			isa = PBXGroup;
			children = (
				4528ECDD2B31FB240098D77D /* WolfHuntersMobile.app */,
			);
			name = Products;
			sourceTree = "<group>";
		};
		4528ECDF2B31FB240098D77D /* WolfHuntersMobile */ = {
			isa = PBXGroup;
			children = (
				4528ED0A2B3214390098D77D /* TextChange.swift */,
				4528ED022B32021F0098D77D /* BaseGame.swift */,
				4528ECFF2B32021F0098D77D /* Board.swift */,
				4528ECFE2B32021F0098D77D /* BoardGame.swift */,
				4528ED002B32021F0098D77D /* Cell.swift */,
				4528ED012B32021F0098D77D /* Game.swift */,
				4528ECFC2B32021F0098D77D /* Player.swift */,
				4528ECFD2B32021F0098D77D /* TwoPlayerGame.swift */,
				4528ECE02B31FB240098D77D /* AppDelegate.swift */,
				4528ECE22B31FB240098D77D /* SceneDelegate.swift */,
				4528ECE42B31FB240098D77D /* ViewController.swift */,
				4528ECE62B31FB240098D77D /* Main.storyboard */,
				4528ECE92B31FB260098D77D /* Assets.xcassets */,
				4528ECEB2B31FB260098D77D /* LaunchScreen.storyboard */,
				4528ECEE2B31FB260098D77D /* Info.plist */,
			);
			path = WolfHuntersMobile;
			sourceTree = "<group>";
		};
/* End PBXGroup section */

/* Begin PBXNativeTarget section */
		4528ECDC2B31FB240098D77D /* WolfHuntersMobile */ = {
			isa = PBXNativeTarget;
			buildConfigurationList = 4528ECF12B31FB260098D77D /* Build configuration list for PBXNativeTarget "WolfHuntersMobile" */;
			buildPhases = (
				4528ECD92B31FB240098D77D /* Sources */,
				4528ECDA2B31FB240098D77D /* Frameworks */,
				4528ECDB2B31FB240098D77D /* Resources */,
			);
			buildRules = (
			);
			dependencies = (
			);
			name = WolfHuntersMobile;
			productName = WolfHuntersMobile;
			productReference = 4528ECDD2B31FB240098D77D /* WolfHuntersMobile.app */;
			productType = "com.apple.product-type.application";
		};
/* End PBXNativeTarget section */

/* Begin PBXProject section */
		4528ECD52B31FB240098D77D /* Project object */ = {
			isa = PBXProject;
			attributes = {
				BuildIndependentTargetsInParallel = 1;
				LastSwiftUpdateCheck = 1510;
				LastUpgradeCheck = 1510;
				TargetAttributes = {
					4528ECDC2B31FB240098D77D = {
						CreatedOnToolsVersion = 15.1;
					};
				};
			};
			buildConfigurationList = 4528ECD82B31FB240098D77D /* Build configuration list for PBXProject "WolfHuntersMobile" */;
			compatibilityVersion = "Xcode 14.0";
			developmentRegion = en;
			hasScannedForEncodings = 0;
			knownRegions = (
				en,
				Base,
			);
			mainGroup = 4528ECD42B31FB240098D77D;
			productRefGroup = 4528ECDE2B31FB240098D77D /* Products */;
			projectDirPath = "";
			projectRoot = "";
			targets = (
				4528ECDC2B31FB240098D77D /* WolfHuntersMobile */,
			);
		};
/* End PBXProject section */

/* Begin PBXResourcesBuildPhase section */
		4528ECDB2B31FB240098D77D /* Resources */ = {
			isa = PBXResourcesBuildPhase;
			buildActionMask = 2147483647;
			files = (
				4528ECED2B31FB260098D77D /* LaunchScreen.storyboard in Resources */,
				4528ECEA2B31FB260098D77D /* Assets.xcassets in Resources */,
				4528ECE82B31FB240098D77D /* Main.storyboard in Resources */,
			);
			runOnlyForDeploymentPostprocessing = 0;
		};
/* End PBXResourcesBuildPhase section */

/* Begin PBXSourcesBuildPhase section */
		4528ECD92B31FB240098D77D /* Sources */ = {
			isa = PBXSourcesBuildPhase;
			buildActionMask = 2147483647;
			files = (
				4528ECF72B3201960098D77D /* WoldAndHuntersTracker.swift in Sources */,
				4528ECE52B31FB240098D77D /* ViewController.swift in Sources */,
				4528ECE12B31FB240098D77D /* AppDelegate.swift in Sources */,
				4528ECFB2B3201C80098D77D /* WolfAndHunters.swift in Sources */,
				4528ED052B32021F0098D77D /* BoardGame.swift in Sources */,
				4528ED042B32021F0098D77D /* TwoPlayerGame.swift in Sources */,
				4528ED082B32021F0098D77D /* Game.swift in Sources */,
				4528ED032B32021F0098D77D /* Player.swift in Sources */,
				4528ED072B32021F0098D77D /* Cell.swift in Sources */,
				4528ECE32B31FB240098D77D /* SceneDelegate.swift in Sources */,
				4528ED092B32021F0098D77D /* BaseGame.swift in Sources */,
				4528ED062B32021F0098D77D /* Board.swift in Sources */,
				4528ED0B2B3214390098D77D /* TextChange.swift in Sources */,
			);
			runOnlyForDeploymentPostprocessing = 0;
		};
/* End PBXSourcesBuildPhase section */

/* Begin PBXVariantGroup section */
		4528ECE62B31FB240098D77D /* Main.storyboard */ = {
			isa = PBXVariantGroup;
			children = (
				4528ECE72B31FB240098D77D /* Base */,
			);
			name = Main.storyboard;
			sourceTree = "<group>";
		};
		4528ECEB2B31FB260098D77D /* LaunchScreen.storyboard */ = {
			isa = PBXVariantGroup;
			children = (
				4528ECEC2B31FB260098D77D /* Base */,
			);
			name = LaunchScreen.storyboard;
			sourceTree = "<group>";
		};
/* End PBXVariantGroup section */

/* Begin XCBuildConfiguration section */
		4528ECEF2B31FB260098D77D /* Debug */ = {
			isa = XCBuildConfiguration;
			buildSettings = {
				ALWAYS_SEARCH_USER_PATHS = NO;
				ASSETCATALOG_COMPILER_GENERATE_SWIFT_ASSET_SYMBOL_EXTENSIONS = YES;
				CLANG_ANALYZER_NONNULL = YES;
				CLANG_ANALYZER_NUMBER_OBJECT_CONVERSION = YES_AGGRESSIVE;
				CLANG_CXX_LANGUAGE_STANDARD = "gnu++20";
				CLANG_ENABLE_MODULES = YES;
				CLANG_ENABLE_OBJC_ARC = YES;
				CLANG_ENABLE_OBJC_WEAK = YES;
				CLANG_WARN_BLOCK_CAPTURE_AUTORELEASING = YES;
				CLANG_WARN_BOOL_CONVERSION = YES;
				CLANG_WARN_COMMA = YES;
				CLANG_WARN_CONSTANT_CONVERSION = YES;
				CLANG_WARN_DEPRECATED_OBJC_IMPLEMENTATIONS = YES;
				CLANG_WARN_DIRECT_OBJC_ISA_USAGE = YES_ERROR;
				CLANG_WARN_DOCUMENTATION_COMMENTS = YES;
				CLANG_WARN_EMPTY_BODY = YES;
				CLANG_WARN_ENUM_CONVERSION = YES;
				CLANG_WARN_INFINITE_RECURSION = YES;
				CLANG_WARN_INT_CONVERSION = YES;
				CLANG_WARN_NON_LITERAL_NULL_CONVERSION = YES;
				CLANG_WARN_OBJC_IMPLICIT_RETAIN_SELF = YES;
				CLANG_WARN_OBJC_LITERAL_CONVERSION = YES;
				CLANG_WARN_OBJC_ROOT_CLASS = YES_ERROR;
				CLANG_WARN_QUOTED_INCLUDE_IN_FRAMEWORK_HEADER = YES;
				CLANG_WARN_RANGE_LOOP_ANALYSIS = YES;
				CLANG_WARN_STRICT_PROTOTYPES = YES;
				CLANG_WARN_SUSPICIOUS_MOVE = YES;
				CLANG_WARN_UNGUARDED_AVAILABILITY = YES_AGGRESSIVE;
				CLANG_WARN_UNREACHABLE_CODE = YES;
				CLANG_WARN__DUPLICATE_METHOD_MATCH = YES;
				COPY_PHASE_STRIP = NO;
				DEBUG_INFORMATION_FORMAT = dwarf;
				ENABLE_STRICT_OBJC_MSGSEND = YES;
				ENABLE_TESTABILITY = YES;
				ENABLE_USER_SCRIPT_SANDBOXING = YES;
				GCC_C_LANGUAGE_STANDARD = gnu17;
				GCC_DYNAMIC_NO_PIC = NO;
				GCC_NO_COMMON_BLOCKS = YES;
				GCC_OPTIMIZATION_LEVEL = 0;
				GCC_PREPROCESSOR_DEFINITIONS = (
					"DEBUG=1",
					"$(inherited)",
				);
				GCC_WARN_64_TO_32_BIT_CONVERSION = YES;
				GCC_WARN_ABOUT_RETURN_TYPE = YES_ERROR;
				GCC_WARN_UNDECLARED_SELECTOR = YES;
				GCC_WARN_UNINITIALIZED_AUTOS = YES_AGGRESSIVE;
				GCC_WARN_UNUSED_FUNCTION = YES;
				GCC_WARN_UNUSED_VARIABLE = YES;
				IPHONEOS_DEPLOYMENT_TARGET = 17.2;
				LOCALIZATION_PREFERS_STRING_CATALOGS = YES;
				MTL_ENABLE_DEBUG_INFO = INCLUDE_SOURCE;
				MTL_FAST_MATH = YES;
				ONLY_ACTIVE_ARCH = YES;
				SDKROOT = iphoneos;
				SWIFT_ACTIVE_COMPILATION_CONDITIONS = "DEBUG $(inherited)";
				SWIFT_OPTIMIZATION_LEVEL = "-Onone";
			};
			name = Debug;
		};
		4528ECF02B31FB260098D77D /* Release */ = {
			isa = XCBuildConfiguration;
			buildSettings = {
				ALWAYS_SEARCH_USER_PATHS = NO;
				ASSETCATALOG_COMPILER_GENERATE_SWIFT_ASSET_SYMBOL_EXTENSIONS = YES;
				CLANG_ANALYZER_NONNULL = YES;
				CLANG_ANALYZER_NUMBER_OBJECT_CONVERSION = YES_AGGRESSIVE;
				CLANG_CXX_LANGUAGE_STANDARD = "gnu++20";
				CLANG_ENABLE_MODULES = YES;
				CLANG_ENABLE_OBJC_ARC = YES;
				CLANG_ENABLE_OBJC_WEAK = YES;
				CLANG_WARN_BLOCK_CAPTURE_AUTORELEASING = YES;
				CLANG_WARN_BOOL_CONVERSION = YES;
				CLANG_WARN_COMMA = YES;
				CLANG_WARN_CONSTANT_CONVERSION = YES;
				CLANG_WARN_DEPRECATED_OBJC_IMPLEMENTATIONS = YES;
				CLANG_WARN_DIRECT_OBJC_ISA_USAGE = YES_ERROR;
				CLANG_WARN_DOCUMENTATION_COMMENTS = YES;
				CLANG_WARN_EMPTY_BODY = YES;
				CLANG_WARN_ENUM_CONVERSION = YES;
				CLANG_WARN_INFINITE_RECURSION = YES;
				CLANG_WARN_INT_CONVERSION = YES;
				CLANG_WARN_NON_LITERAL_NULL_CONVERSION = YES;
				CLANG_WARN_OBJC_IMPLICIT_RETAIN_SELF = YES;
				CLANG_WARN_OBJC_LITERAL_CONVERSION = YES;
				CLANG_WARN_OBJC_ROOT_CLASS = YES_ERROR;
				CLANG_WARN_QUOTED_INCLUDE_IN_FRAMEWORK_HEADER = YES;
				CLANG_WARN_RANGE_LOOP_ANALYSIS = YES;
				CLANG_WARN_STRICT_PROTOTYPES = YES;
				CLANG_WARN_SUSPICIOUS_MOVE = YES;
				CLANG_WARN_UNGUARDED_AVAILABILITY = YES_AGGRESSIVE;
				CLANG_WARN_UNREACHABLE_CODE = YES;
				CLANG_WARN__DUPLICATE_METHOD_MATCH = YES;
				COPY_PHASE_STRIP = NO;
				DEBUG_INFORMATION_FORMAT = "dwarf-with-dsym";
				ENABLE_NS_ASSERTIONS = NO;
				ENABLE_STRICT_OBJC_MSGSEND = YES;
				ENABLE_USER_SCRIPT_SANDBOXING = YES;
				GCC_C_LANGUAGE_STANDARD = gnu17;
				GCC_NO_COMMON_BLOCKS = YES;
				GCC_WARN_64_TO_32_BIT_CONVERSION = YES;
				GCC_WARN_ABOUT_RETURN_TYPE = YES_ERROR;
				GCC_WARN_UNDECLARED_SELECTOR = YES;
				GCC_WARN_UNINITIALIZED_AUTOS = YES_AGGRESSIVE;
				GCC_WARN_UNUSED_FUNCTION = YES;
				GCC_WARN_UNUSED_VARIABLE = YES;
				IPHONEOS_DEPLOYMENT_TARGET = 17.2;
				LOCALIZATION_PREFERS_STRING_CATALOGS = YES;
				MTL_ENABLE_DEBUG_INFO = NO;
				MTL_FAST_MATH = YES;
				SDKROOT = iphoneos;
				SWIFT_COMPILATION_MODE = wholemodule;
				VALIDATE_PRODUCT = YES;
			};
			name = Release;
		};
		4528ECF22B31FB260098D77D /* Debug */ = {
			isa = XCBuildConfiguration;
			buildSettings = {
				ASSETCATALOG_COMPILER_APPICON_NAME = AppIcon;
				ASSETCATALOG_COMPILER_GLOBAL_ACCENT_COLOR_NAME = AccentColor;
				CODE_SIGN_STYLE = Automatic;
				CURRENT_PROJECT_VERSION = 1;
				GENERATE_INFOPLIST_FILE = YES;
				INFOPLIST_FILE = WolfHuntersMobile/Info.plist;
				INFOPLIST_KEY_UIApplicationSupportsIndirectInputEvents = YES;
				INFOPLIST_KEY_UILaunchStoryboardName = LaunchScreen;
				INFOPLIST_KEY_UIMainStoryboardFile = Main;
				INFOPLIST_KEY_UISupportedInterfaceOrientations_iPad = "UIInterfaceOrientationPortrait UIInterfaceOrientationPortraitUpsideDown UIInterfaceOrientationLandscapeLeft UIInterfaceOrientationLandscapeRight";
				INFOPLIST_KEY_UISupportedInterfaceOrientations_iPhone = "UIInterfaceOrientationPortrait UIInterfaceOrientationLandscapeLeft UIInterfaceOrientationLandscapeRight";
				LD_RUNPATH_SEARCH_PATHS = (
					"$(inherited)",
					"@executable_path/Frameworks",
				);
				MARKETING_VERSION = 1.0;
				PRODUCT_BUNDLE_IDENTIFIER = com.sfedu.WolfHuntersMobile;
				PRODUCT_NAME = "$(TARGET_NAME)";
				SWIFT_EMIT_LOC_STRINGS = YES;
				SWIFT_VERSION = 5.0;
				TARGETED_DEVICE_FAMILY = "1,2";
			};
			name = Debug;
		};
		4528ECF32B31FB260098D77D /* Release */ = {
			isa = XCBuildConfiguration;
			buildSettings = {
				ASSETCATALOG_COMPILER_APPICON_NAME = AppIcon;
				ASSETCATALOG_COMPILER_GLOBAL_ACCENT_COLOR_NAME = AccentColor;
				CODE_SIGN_STYLE = Automatic;
				CURRENT_PROJECT_VERSION = 1;
				GENERATE_INFOPLIST_FILE = YES;
				INFOPLIST_FILE = WolfHuntersMobile/Info.plist;
				INFOPLIST_KEY_UIApplicationSupportsIndirectInputEvents = YES;
				INFOPLIST_KEY_UILaunchStoryboardName = LaunchScreen;
				INFOPLIST_KEY_UIMainStoryboardFile = Main;
				INFOPLIST_KEY_UISupportedInterfaceOrientations_iPad = "UIInterfaceOrientationPortrait UIInterfaceOrientationPortraitUpsideDown UIInterfaceOrientationLandscapeLeft UIInterfaceOrientationLandscapeRight";
				INFOPLIST_KEY_UISupportedInterfaceOrientations_iPhone = "UIInterfaceOrientationPortrait UIInterfaceOrientationLandscapeLeft UIInterfaceOrientationLandscapeRight";
				LD_RUNPATH_SEARCH_PATHS = (
					"$(inherited)",
					"@executable_path/Frameworks",
				);
				MARKETING_VERSION = 1.0;
				PRODUCT_BUNDLE_IDENTIFIER = com.sfedu.WolfHuntersMobile;
				PRODUCT_NAME = "$(TARGET_NAME)";
				SWIFT_EMIT_LOC_STRINGS = YES;
				SWIFT_VERSION = 5.0;
				TARGETED_DEVICE_FAMILY = "1,2";
			};
			name = Release;
		};
/* End XCBuildConfiguration section */

/* Begin XCConfigurationList section */
		4528ECD82B31FB240098D77D /* Build configuration list for PBXProject "WolfHuntersMobile" */ = {
			isa = XCConfigurationList;
			buildConfigurations = (
				4528ECEF2B31FB260098D77D /* Debug */,
				4528ECF02B31FB260098D77D /* Release */,
			);
			defaultConfigurationIsVisible = 0;
			defaultConfigurationName = Release;
		};
		4528ECF12B31FB260098D77D /* Build configuration list for PBXNativeTarget "WolfHuntersMobile" */ = {
			isa = XCConfigurationList;
			buildConfigurations = (
				4528ECF22B31FB260098D77D /* Debug */,
				4528ECF32B31FB260098D77D /* Release */,
			);
			defaultConfigurationIsVisible = 0;
			defaultConfigurationName = Release;
		};
/* End XCConfigurationList section */
	};
	rootObject = 4528ECD52B31FB240098D77D /* Project object */;
}
